
Microsoft Visual Studio Solution File, Format Version 12.00
# Visual Studio Version 17
VisualStudioVersion = 17.14.36429.23 d17.14
MinimumVisualStudioVersion = 10.0.40219.1
Project("{FAE04EC0-301F-11D3-BF4B-00C04F79EFBC}") = "temple searcher game for project", "temple searcher game for project\temple searcher game for project.csproj", "{772956AE-A411-4E81-9181-E9E939DE0EFD}"
EndProject
Global
	GlobalSection(SolutionConfigurationPlatforms) = preSolution
		Debug|Any CPU = Debug|Any CPU
		Release|Any CPU = Release|Any CPU
	EndGlobalSection
	GlobalSection(ProjectConfigurationPlatforms) = postSolution
		{772956AE-A411-4E81-9181-E9E939DE0EFD}.Debug|Any CPU.ActiveCfg = Debug|Any CPU
		{772956AE-A411-4E81-9181-E9E939DE0EFD}.Debug|Any CPU.Build.0 = Debug|Any CPU
		{772956AE-A411-4E81-9181-E9E939DE0EFD}.Release|Any CPU.ActiveCfg = Release|Any CPU
		{772956AE-A411-4E81-9181-E9E939DE0EFD}.Release|Any CPU.Build.0 = Release|Any CPU
	EndGlobalSection
	GlobalSection(SolutionProperties) = preSolution
		HideSolutionNode = FALSE
	EndGlobalSection
	GlobalSection(ExtensibilityGlobals) = postSolution
		SolutionGuid = {B942B909-B0DC-4F53-9025-7F43FB4ED8E1}
	EndGlobalSection
EndGlobal
